
Microsoft Visual Studio Solution File, Format Version 12.00
# Visual Studio Version 16
VisualStudioVersion = 16.0.28803.452
MinimumVisualStudioVersion = 10.0.40219.1
Project("{FAE04EC0-301F-11D3-BF4B-00C04F79EFBC}") = "Dijabetes--", "Dijabetes--\Dijabetes--.csproj", "{F7A0B88E-757D-4074-BE75-25B354FB9751}"
EndProject
Global
	GlobalSection(SolutionConfigurationPlatforms) = preSolution
		Debug|Any CPU = Debug|Any CPU
		Release|Any CPU = Release|Any CPU
	EndGlobalSection
	GlobalSection(ProjectConfigurationPlatforms) = postSolution
		{F7A0B88E-757D-4074-BE75-25B354FB9751}.Debug|Any CPU.ActiveCfg = Debug|Any CPU
		{F7A0B88E-757D-4074-BE75-25B354FB9751}.Debug|Any CPU.Build.0 = Debug|Any CPU
		{F7A0B88E-757D-4074-BE75-25B354FB9751}.Release|Any CPU.ActiveCfg = Release|Any CPU
		{F7A0B88E-757D-4074-BE75-25B354FB9751}.Release|Any CPU.Build.0 = Release|Any CPU
	EndGlobalSection
	GlobalSection(SolutionProperties) = preSolution
		HideSolutionNode = FALSE
	EndGlobalSection
	GlobalSection(ExtensibilityGlobals) = postSolution
		SolutionGuid = {509F28C5-93B4-4CEA-86F2-D30D83DA68E3}
	EndGlobalSection
EndGlobal
